
Microsoft Visual Studio Solution File, Format Version 12.00
# Visual Studio Version 16
VisualStudioVersion = 16.0.31729.503
MinimumVisualStudioVersion = 10.0.40219.1
Project("{FAE04EC0-301F-11D3-BF4B-00C04F79EFBC}") = "WPF Project", "WPF Project\WPF Project.csproj", "{D1ECCA29-F560-4A7C-B3A1-D6EDDF8F7A51}"
EndProject
Global
	GlobalSection(SolutionConfigurationPlatforms) = preSolution
		Debug|Any CPU = Debug|Any CPU
		Release|Any CPU = Release|Any CPU
	EndGlobalSection
	GlobalSection(ProjectConfigurationPlatforms) = postSolution
		{D1ECCA29-F560-4A7C-B3A1-D6EDDF8F7A51}.Debug|Any CPU.ActiveCfg = Debug|Any CPU
		{D1ECCA29-F560-4A7C-B3A1-D6EDDF8F7A51}.Debug|Any CPU.Build.0 = Debug|Any CPU
		{D1ECCA29-F560-4A7C-B3A1-D6EDDF8F7A51}.Release|Any CPU.ActiveCfg = Release|Any CPU
		{D1ECCA29-F560-4A7C-B3A1-D6EDDF8F7A51}.Release|Any CPU.Build.0 = Release|Any CPU
	EndGlobalSection
	GlobalSection(SolutionProperties) = preSolution
		HideSolutionNode = FALSE
	EndGlobalSection
	GlobalSection(ExtensibilityGlobals) = postSolution
		SolutionGuid = {A2528F5F-AFF2-4BEE-9CE9-E28101348303}
	EndGlobalSection
EndGlobal
